
Microsoft Visual Studio Solution File, Format Version 11.00
# Visual Studio 2010
# SharpDevelop 5.0
Project("{FAE04EC0-301F-11D3-BF4B-00C04F79EFBC}") = "iBot", "iBot.csproj", "{F290019E-089C-4136-9107-F60663217F91}"
EndProject
Global
	GlobalSection(SolutionConfigurationPlatforms) = preSolution
		Debug|Any CPU = Debug|Any CPU
		Release|Any CPU = Release|Any CPU
	EndGlobalSection
	GlobalSection(ProjectConfigurationPlatforms) = postSolution
		{F290019E-089C-4136-9107-F60663217F91}.Debug|Any CPU.ActiveCfg = Debug|Any CPU
		{F290019E-089C-4136-9107-F60663217F91}.Debug|Any CPU.Build.0 = Debug|Any CPU
		{F290019E-089C-4136-9107-F60663217F91}.Release|Any CPU.ActiveCfg = Release|Any CPU
		{F290019E-089C-4136-9107-F60663217F91}.Release|Any CPU.Build.0 = Release|Any CPU
	EndGlobalSection
EndGlobal
